// !$*UTF8*$!
{
	archiveVersion = 1;
	classes = {
	};
	objectVersion = 51;
	objects = {

/* Begin PBXBuildFile section */
		64D709670550C143A8DA969C /* Pods_WakeMeUp.framework in Frameworks */ = {isa = PBXBuildFile; fileRef = 0838E13E3C9E1D0431955220 /* Pods_WakeMeUp.framework */; };
		9915BAC4245C72F30064EBD7 /* AppDelegate.swift in Sources */ = {isa = PBXBuildFile; fileRef = 9915BAC3245C72F30064EBD7 /* AppDelegate.swift */; };
		9915BAC6245C72F30064EBD7 /* SceneDelegate.swift in Sources */ = {isa = PBXBuildFile; fileRef = 9915BAC5245C72F30064EBD7 /* SceneDelegate.swift */; };
		9915BAC8245C72F30064EBD7 /* ViewController.swift in Sources */ = {isa = PBXBuildFile; fileRef = 9915BAC7245C72F30064EBD7 /* ViewController.swift */; };
		9915BACB245C72F30064EBD7 /* Main.storyboard in Resources */ = {isa = PBXBuildFile; fileRef = 9915BAC9245C72F30064EBD7 /* Main.storyboard */; };
		9915BACD245C72F80064EBD7 /* Assets.xcassets in Resources */ = {isa = PBXBuildFile; fileRef = 9915BACC245C72F80064EBD7 /* Assets.xcassets */; };
		9915BAD0245C72F80064EBD7 /* LaunchScreen.storyboard in Resources */ = {isa = PBXBuildFile; fileRef = 9915BACE245C72F80064EBD7 /* LaunchScreen.storyboard */; };
		9915BAD8245D19450064EBD7 /* GoogleService-Info.plist in Resources */ = {isa = PBXBuildFile; fileRef = 9915BAD7245D19450064EBD7 /* GoogleService-Info.plist */; };
		99282440246EFEAA00403D49 /* LoadingViewController.swift in Sources */ = {isa = PBXBuildFile; fileRef = 9928243F246EFEAA00403D49 /* LoadingViewController.swift */; };
		99DCA99924676F7000711F28 /* MainViewController.swift in Sources */ = {isa = PBXBuildFile; fileRef = 99DCA99824676F7000711F28 /* MainViewController.swift */; };
/* End PBXBuildFile section */

/* Begin PBXFileReference section */
		0838E13E3C9E1D0431955220 /* Pods_WakeMeUp.framework */ = {isa = PBXFileReference; explicitFileType = wrapper.framework; includeInIndex = 0; path = Pods_WakeMeUp.framework; sourceTree = BUILT_PRODUCTS_DIR; };
		189E486E13079FEFA73DB41D /* Pods-WakeMeUp.release.xcconfig */ = {isa = PBXFileReference; includeInIndex = 1; lastKnownFileType = text.xcconfig; name = "Pods-WakeMeUp.release.xcconfig"; path = "Target Support Files/Pods-WakeMeUp/Pods-WakeMeUp.release.xcconfig"; sourceTree = "<group>"; };
		4748C3320AFCEFB27E11163A /* Pods-WakeMeUp.debug.xcconfig */ = {isa = PBXFileReference; includeInIndex = 1; lastKnownFileType = text.xcconfig; name = "Pods-WakeMeUp.debug.xcconfig"; path = "Target Support Files/Pods-WakeMeUp/Pods-WakeMeUp.debug.xcconfig"; sourceTree = "<group>"; };
		9915BAC0245C72F30064EBD7 /* WakeMeUp.app */ = {isa = PBXFileReference; explicitFileType = wrapper.application; includeInIndex = 0; path = WakeMeUp.app; sourceTree = BUILT_PRODUCTS_DIR; };
		9915BAC3245C72F30064EBD7 /* AppDelegate.swift */ = {isa = PBXFileReference; lastKnownFileType = sourcecode.swift; path = AppDelegate.swift; sourceTree = "<group>"; };
		9915BAC5245C72F30064EBD7 /* SceneDelegate.swift */ = {isa = PBXFileReference; lastKnownFileType = sourcecode.swift; path = SceneDelegate.swift; sourceTree = "<group>"; };
		9915BAC7245C72F30064EBD7 /* ViewController.swift */ = {isa = PBXFileReference; lastKnownFileType = sourcecode.swift; path = ViewController.swift; sourceTree = "<group>"; };
		9915BACA245C72F30064EBD7 /* Base */ = {isa = PBXFileReference; lastKnownFileType = file.storyboard; name = Base; path = Base.lproj/Main.storyboard; sourceTree = "<group>"; };
		9915BACC245C72F80064EBD7 /* Assets.xcassets */ = {isa = PBXFileReference; lastKnownFileType = folder.assetcatalog; path = Assets.xcassets; sourceTree = "<group>"; };
		9915BACF245C72F80064EBD7 /* Base */ = {isa = PBXFileReference; lastKnownFileType = file.storyboard; name = Base; path = Base.lproj/LaunchScreen.storyboard; sourceTree = "<group>"; };
		9915BAD1245C72F80064EBD7 /* Info.plist */ = {isa = PBXFileReference; lastKnownFileType = text.plist.xml; path = Info.plist; sourceTree = "<group>"; };
		9915BAD7245D19450064EBD7 /* GoogleService-Info.plist */ = {isa = PBXFileReference; fileEncoding = 4; lastKnownFileType = text.plist.xml; path = "GoogleService-Info.plist"; sourceTree = "<group>"; };
		9928243F246EFEAA00403D49 /* LoadingViewController.swift */ = {isa = PBXFileReference; lastKnownFileType = sourcecode.swift; path = LoadingViewController.swift; sourceTree = "<group>"; };
		99DCA99824676F7000711F28 /* MainViewController.swift */ = {isa = PBXFileReference; lastKnownFileType = sourcecode.swift; path = MainViewController.swift; sourceTree = "<group>"; };
/* End PBXFileReference section */

/* Begin PBXFrameworksBuildPhase section */
		9915BABD245C72F30064EBD7 /* Frameworks */ = {
			isa = PBXFrameworksBuildPhase;
			buildActionMask = 2147483647;
			files = (
				64D709670550C143A8DA969C /* Pods_WakeMeUp.framework in Frameworks */,
			);
			runOnlyForDeploymentPostprocessing = 0;
		};
/* End PBXFrameworksBuildPhase section */

/* Begin PBXGroup section */
		109365C954C6E9BD127D0002 /* Frameworks */ = {
			isa = PBXGroup;
			children = (
				0838E13E3C9E1D0431955220 /* Pods_WakeMeUp.framework */,
			);
			name = Frameworks;
			sourceTree = "<group>";
		};
		9915BAB7245C72F30064EBD7 = {
			isa = PBXGroup;
			children = (
				9915BAC2245C72F30064EBD7 /* WakeMeUp */,
				9915BAC1245C72F30064EBD7 /* Products */,
				C0060CE22A11F32E8FEFD08A /* Pods */,
				109365C954C6E9BD127D0002 /* Frameworks */,
			);
			sourceTree = "<group>";
		};
		9915BAC1245C72F30064EBD7 /* Products */ = {
			isa = PBXGroup;
			children = (
				9915BAC0245C72F30064EBD7 /* WakeMeUp.app */,
			);
			name = Products;
			sourceTree = "<group>";
		};
		9915BAC2245C72F30064EBD7 /* WakeMeUp */ = {
			isa = PBXGroup;
			children = (
				9915BAC3245C72F30064EBD7 /* AppDelegate.swift */,
				9915BAC5245C72F30064EBD7 /* SceneDelegate.swift */,
				9915BAC7245C72F30064EBD7 /* ViewController.swift */,
				9928243F246EFEAA00403D49 /* LoadingViewController.swift */,
				99DCA99824676F7000711F28 /* MainViewController.swift */,
				9915BAC9245C72F30064EBD7 /* Main.storyboard */,
				9915BACC245C72F80064EBD7 /* Assets.xcassets */,
				9915BACE245C72F80064EBD7 /* LaunchScreen.storyboard */,
				9915BAD1245C72F80064EBD7 /* Info.plist */,
				9915BAD7245D19450064EBD7 /* GoogleService-Info.plist */,
			);
			path = WakeMeUp;
			sourceTree = "<group>";
		};
		C0060CE22A11F32E8FEFD08A /* Pods */ = {
			isa = PBXGroup;
			children = (
				4748C3320AFCEFB27E11163A /* Pods-WakeMeUp.debug.xcconfig */,
				189E486E13079FEFA73DB41D /* Pods-WakeMeUp.release.xcconfig */,
			);
			path = Pods;
			sourceTree = "<group>";
		};
/* End PBXGroup section */

/* Begin PBXNativeTarget section */
		9915BABF245C72F30064EBD7 /* WakeMeUp */ = {
			isa = PBXNativeTarget;
			buildConfigurationList = 9915BAD4245C72F80064EBD7 /* Build configuration list for PBXNativeTarget "WakeMeUp" */;
			buildPhases = (
				7D4D93CC8ED797D3D91F5E6F /* [CP] Check Pods Manifest.lock */,
				9915BABC245C72F30064EBD7 /* Sources */,
				9915BABD245C72F30064EBD7 /* Frameworks */,
				9915BABE245C72F30064EBD7 /* Resources */,
				0A870775B78F9A3516025690 /* [CP] Embed Pods Frameworks */,
			);
			buildRules = (
			);
			dependencies = (
			);
			name = WakeMeUp;
			productName = WakeMeUp;
			productReference = 9915BAC0245C72F30064EBD7 /* WakeMeUp.app */;
			productType = "com.apple.product-type.application";
		};
/* End PBXNativeTarget section */

/* Begin PBXProject section */
		9915BAB8245C72F30064EBD7 /* Project object */ = {
			isa = PBXProject;
			attributes = {
				LastSwiftUpdateCheck = 1130;
				LastUpgradeCheck = 1130;
				ORGANIZATIONNAME = "Santiago Moreno";
				TargetAttributes = {
					9915BABF245C72F30064EBD7 = {
						CreatedOnToolsVersion = 11.3.1;
					};
				};
			};
			buildConfigurationList = 9915BABB245C72F30064EBD7 /* Build configuration list for PBXProject "WakeMeUp" */;
			compatibilityVersion = "Xcode 9.3";
			developmentRegion = en;
			hasScannedForEncodings = 0;
			knownRegions = (
				en,
				Base,
			);
			mainGroup = 9915BAB7245C72F30064EBD7;
			productRefGroup = 9915BAC1245C72F30064EBD7 /* Products */;
			projectDirPath = "";
			projectRoot = "";
			targets = (
				9915BABF245C72F30064EBD7 /* WakeMeUp */,
			);
		};
/* End PBXProject section */

/* Begin PBXResourcesBuildPhase section */
		9915BABE245C72F30064EBD7 /* Resources */ = {
			isa = PBXResourcesBuildPhase;
			buildActionMask = 2147483647;
			files = (
				9915BAD0245C72F80064EBD7 /* LaunchScreen.storyboard in Resources */,
				9915BAD8245D19450064EBD7 /* GoogleService-Info.plist in Resources */,
				9915BACD245C72F80064EBD7 /* Assets.xcassets in Resources */,
				9915BACB245C72F30064EBD7 /* Main.storyboard in Resources */,
			);
			runOnlyForDeploymentPostprocessing = 0;
		};
/* End PBXResourcesBuildPhase section */

/* Begin PBXShellScriptBuildPhase section */
		0A870775B78F9A3516025690 /* [CP] Embed Pods Frameworks */ = {
			isa = PBXShellScriptBuildPhase;
			buildActionMask = 2147483647;
			files = (
			);
			inputFileListPaths = (
				"${PODS_ROOT}/Target Support Files/Pods-WakeMeUp/Pods-WakeMeUp-frameworks-${CONFIGURATION}-input-files.xcfilelist",
			);
			name = "[CP] Embed Pods Frameworks";
			outputFileListPaths = (
				"${PODS_ROOT}/Target Support Files/Pods-WakeMeUp/Pods-WakeMeUp-frameworks-${CONFIGURATION}-output-files.xcfilelist",
			);
			runOnlyForDeploymentPostprocessing = 0;
			shellPath = /bin/sh;
			shellScript = "\"${PODS_ROOT}/Target Support Files/Pods-WakeMeUp/Pods-WakeMeUp-frameworks.sh\"\n";
			showEnvVarsInLog = 0;
		};
		7D4D93CC8ED797D3D91F5E6F /* [CP] Check Pods Manifest.lock */ = {
			isa = PBXShellScriptBuildPhase;
			buildActionMask = 2147483647;
			files = (
			);
			inputFileListPaths = (
			);
			inputPaths = (
				"${PODS_PODFILE_DIR_PATH}/Podfile.lock",
				"${PODS_ROOT}/Manifest.lock",
			);
			name = "[CP] Check Pods Manifest.lock";
			outputFileListPaths = (
			);
			outputPaths = (
				"$(DERIVED_FILE_DIR)/Pods-WakeMeUp-checkManifestLockResult.txt",
			);
			runOnlyForDeploymentPostprocessing = 0;
			shellPath = /bin/sh;
			shellScript = "diff \"${PODS_PODFILE_DIR_PATH}/Podfile.lock\" \"${PODS_ROOT}/Manifest.lock\" > /dev/null\nif [ $? != 0 ] ; then\n    # print error to STDERR\n    echo \"error: The sandbox is not in sync with the Podfile.lock. Run 'pod install' or update your CocoaPods installation.\" >&2\n    exit 1\nfi\n# This output is used by Xcode 'outputs' to avoid re-running this script phase.\necho \"SUCCESS\" > \"${SCRIPT_OUTPUT_FILE_0}\"\n";
			showEnvVarsInLog = 0;
		};
/* End PBXShellScriptBuildPhase section */

/* Begin PBXSourcesBuildPhase section */
		9915BABC245C72F30064EBD7 /* Sources */ = {
			isa = PBXSourcesBuildPhase;
			buildActionMask = 2147483647;
			files = (
				9915BAC8245C72F30064EBD7 /* ViewController.swift in Sources */,
				9915BAC4245C72F30064EBD7 /* AppDelegate.swift in Sources */,
				99282440246EFEAA00403D49 /* LoadingViewController.swift in Sources */,
				9915BAC6245C72F30064EBD7 /* SceneDelegate.swift in Sources */,
				99DCA99924676F7000711F28 /* MainViewController.swift in Sources */,
			);
			runOnlyForDeploymentPostprocessing = 0;
		};
/* End PBXSourcesBuildPhase section */

/* Begin PBXVariantGroup section */
		9915BAC9245C72F30064EBD7 /* Main.storyboard */ = {
			isa = PBXVariantGroup;
			children = (
				9915BACA245C72F30064EBD7 /* Base */,
			);
			name = Main.storyboard;
			sourceTree = "<group>";
		};
		9915BACE245C72F80064EBD7 /* LaunchScreen.storyboard */ = {
			isa = PBXVariantGroup;
			children = (
				9915BACF245C72F80064EBD7 /* Base */,
			);
			name = LaunchScreen.storyboard;
			sourceTree = "<group>";
		};
/* End PBXVariantGroup section */

/* Begin XCBuildConfiguration section */
		9915BAD2245C72F80064EBD7 /* Debug */ = {
			isa = XCBuildConfiguration;
			buildSettings = {
				ALWAYS_SEARCH_USER_PATHS = NO;
				CLANG_ANALYZER_NONNULL = YES;
				CLANG_ANALYZER_NUMBER_OBJECT_CONVERSION = YES_AGGRESSIVE;
				CLANG_CXX_LANGUAGE_STANDARD = "gnu++14";
				CLANG_CXX_LIBRARY = "libc++";
				CLANG_ENABLE_MODULES = YES;
				CLANG_ENABLE_OBJC_ARC = YES;
				CLANG_ENABLE_OBJC_WEAK = YES;
				CLANG_WARN_BLOCK_CAPTURE_AUTORELEASING = YES;
				CLANG_WARN_BOOL_CONVERSION = YES;
				CLANG_WARN_COMMA = YES;
				CLANG_WARN_CONSTANT_CONVERSION = YES;
				CLANG_WARN_DEPRECATED_OBJC_IMPLEMENTATIONS = YES;
				CLANG_WARN_DIRECT_OBJC_ISA_USAGE = YES_ERROR;
				CLANG_WARN_DOCUMENTATION_COMMENTS = YES;
				CLANG_WARN_EMPTY_BODY = YES;
				CLANG_WARN_ENUM_CONVERSION = YES;
				CLANG_WARN_INFINITE_RECURSION = YES;
				CLANG_WARN_INT_CONVERSION = YES;
				CLANG_WARN_NON_LITERAL_NULL_CONVERSION = YES;
				CLANG_WARN_OBJC_IMPLICIT_RETAIN_SELF = YES;
				CLANG_WARN_OBJC_LITERAL_CONVERSION = YES;
				CLANG_WARN_OBJC_ROOT_CLASS = YES_ERROR;
				CLANG_WARN_RANGE_LOOP_ANALYSIS = YES;
				CLANG_WARN_STRICT_PROTOTYPES = YES;
				CLANG_WARN_SUSPICIOUS_MOVE = YES;
				CLANG_WARN_UNGUARDED_AVAILABILITY = YES_AGGRESSIVE;
				CLANG_WARN_UNREACHABLE_CODE = YES;
				CLANG_WARN__DUPLICATE_METHOD_MATCH = YES;
				COPY_PHASE_STRIP = NO;
				DEBUG_INFORMATION_FORMAT = dwarf;
				ENABLE_STRICT_OBJC_MSGSEND = YES;
				ENABLE_TESTABILITY = YES;
				GCC_C_LANGUAGE_STANDARD = gnu11;
				GCC_DYNAMIC_NO_PIC = NO;
				GCC_NO_COMMON_BLOCKS = YES;
				GCC_OPTIMIZATION_LEVEL = 0;
				GCC_PREPROCESSOR_DEFINITIONS = (
					"DEBUG=1",
					"$(inherited)",
				);
				GCC_WARN_64_TO_32_BIT_CONVERSION = YES;
				GCC_WARN_ABOUT_RETURN_TYPE = YES_ERROR;
				GCC_WARN_UNDECLARED_SELECTOR = YES;
				GCC_WARN_UNINITIALIZED_AUTOS = YES_AGGRESSIVE;
				GCC_WARN_UNUSED_FUNCTION = YES;
				GCC_WARN_UNUSED_VARIABLE = YES;
				IPHONEOS_DEPLOYMENT_TARGET = 13.2;
				MTL_ENABLE_DEBUG_INFO = INCLUDE_SOURCE;
				MTL_FAST_MATH = YES;
				ONLY_ACTIVE_ARCH = YES;
				SDKROOT = iphoneos;
				SWIFT_ACTIVE_COMPILATION_CONDITIONS = DEBUG;
				SWIFT_OPTIMIZATION_LEVEL = "-Onone";
			};
			name = Debug;
		};
		9915BAD3245C72F80064EBD7 /* Release */ = {
			isa = XCBuildConfiguration;
			buildSettings = {
				ALWAYS_SEARCH_USER_PATHS = NO;
				CLANG_ANALYZER_NONNULL = YES;
				CLANG_ANALYZER_NUMBER_OBJECT_CONVERSION = YES_AGGRESSIVE;
				CLANG_CXX_LANGUAGE_STANDARD = "gnu++14";
				CLANG_CXX_LIBRARY = "libc++";
				CLANG_ENABLE_MODULES = YES;
				CLANG_ENABLE_OBJC_ARC = YES;
				CLANG_ENABLE_OBJC_WEAK = YES;
				CLANG_WARN_BLOCK_CAPTURE_AUTORELEASING = YES;
				CLANG_WARN_BOOL_CONVERSION = YES;
				CLANG_WARN_COMMA = YES;
				CLANG_WARN_CONSTANT_CONVERSION = YES;
				CLANG_WARN_DEPRECATED_OBJC_IMPLEMENTATIONS = YES;
				CLANG_WARN_DIRECT_OBJC_ISA_USAGE = YES_ERROR;
				CLANG_WARN_DOCUMENTATION_COMMENTS = YES;
				CLANG_WARN_EMPTY_BODY = YES;
				CLANG_WARN_ENUM_CONVERSION = YES;
				CLANG_WARN_INFINITE_RECURSION = YES;
				CLANG_WARN_INT_CONVERSION = YES;
				CLANG_WARN_NON_LITERAL_NULL_CONVERSION = YES;
				CLANG_WARN_OBJC_IMPLICIT_RETAIN_SELF = YES;
				CLANG_WARN_OBJC_LITERAL_CONVERSION = YES;
				CLANG_WARN_OBJC_ROOT_CLASS = YES_ERROR;
				CLANG_WARN_RANGE_LOOP_ANALYSIS = YES;
				CLANG_WARN_STRICT_PROTOTYPES = YES;
				CLANG_WARN_SUSPICIOUS_MOVE = YES;
				CLANG_WARN_UNGUARDED_AVAILABILITY = YES_AGGRESSIVE;
				CLANG_WARN_UNREACHABLE_CODE = YES;
				CLANG_WARN__DUPLICATE_METHOD_MATCH = YES;
				COPY_PHASE_STRIP = NO;
				DEBUG_INFORMATION_FORMAT = "dwarf-with-dsym";
				ENABLE_NS_ASSERTIONS = NO;
				ENABLE_STRICT_OBJC_MSGSEND = YES;
				GCC_C_LANGUAGE_STANDARD = gnu11;
				GCC_NO_COMMON_BLOCKS = YES;
				GCC_WARN_64_TO_32_BIT_CONVERSION = YES;
				GCC_WARN_ABOUT_RETURN_TYPE = YES_ERROR;
				GCC_WARN_UNDECLARED_SELECTOR = YES;
				GCC_WARN_UNINITIALIZED_AUTOS = YES_AGGRESSIVE;
				GCC_WARN_UNUSED_FUNCTION = YES;
				GCC_WARN_UNUSED_VARIABLE = YES;
				IPHONEOS_DEPLOYMENT_TARGET = 13.2;
				MTL_ENABLE_DEBUG_INFO = NO;
				MTL_FAST_MATH = YES;
				SDKROOT = iphoneos;
				SWIFT_COMPILATION_MODE = wholemodule;
				SWIFT_OPTIMIZATION_LEVEL = "-O";
				VALIDATE_PRODUCT = YES;
			};
			name = Release;
		};
		9915BAD5245C72F80064EBD7 /* Debug */ = {
			isa = XCBuildConfiguration;
			baseConfigurationReference = 4748C3320AFCEFB27E11163A /* Pods-WakeMeUp.debug.xcconfig */;
			buildSettings = {
				ASSETCATALOG_COMPILER_APPICON_NAME = AppIcon;
				CODE_SIGN_STYLE = Automatic;
				DEVELOPMENT_TEAM = 69X2QW4Q3B;
				INFOPLIST_FILE = WakeMeUp/Info.plist;
				LD_RUNPATH_SEARCH_PATHS = (
					"$(inherited)",
					"@executable_path/Frameworks",
				);
				PRODUCT_BUNDLE_IDENTIFIER = tech.yeswecode.WakeMeUp;
				PRODUCT_NAME = "$(TARGET_NAME)";
				SWIFT_VERSION = 5.0;
				TARGETED_DEVICE_FAMILY = "1,2";
			};
			name = Debug;
		};
		9915BAD6245C72F80064EBD7 /* Release */ = {
			isa = XCBuildConfiguration;
			baseConfigurationReference = 189E486E13079FEFA73DB41D /* Pods-WakeMeUp.release.xcconfig */;
			buildSettings = {
				ASSETCATALOG_COMPILER_APPICON_NAME = AppIcon;
				CODE_SIGN_STYLE = Automatic;
				DEVELOPMENT_TEAM = 69X2QW4Q3B;
				INFOPLIST_FILE = WakeMeUp/Info.plist;
				LD_RUNPATH_SEARCH_PATHS = (
					"$(inherited)",
					"@executable_path/Frameworks",
				);
				PRODUCT_BUNDLE_IDENTIFIER = tech.yeswecode.WakeMeUp;
				PRODUCT_NAME = "$(TARGET_NAME)";
				SWIFT_VERSION = 5.0;
				TARGETED_DEVICE_FAMILY = "1,2";
			};
			name = Release;
		};
/* End XCBuildConfiguration section */

/* Begin XCConfigurationList section */
		9915BABB245C72F30064EBD7 /* Build configuration list for PBXProject "WakeMeUp" */ = {
			isa = XCConfigurationList;
			buildConfigurations = (
				9915BAD2245C72F80064EBD7 /* Debug */,
				9915BAD3245C72F80064EBD7 /* Release */,
			);
			defaultConfigurationIsVisible = 0;
			defaultConfigurationName = Release;
		};
		9915BAD4245C72F80064EBD7 /* Build configuration list for PBXNativeTarget "WakeMeUp" */ = {
			isa = XCConfigurationList;
			buildConfigurations = (
				9915BAD5245C72F80064EBD7 /* Debug */,
				9915BAD6245C72F80064EBD7 /* Release */,
			);
			defaultConfigurationIsVisible = 0;
			defaultConfigurationName = Release;
		};
/* End XCConfigurationList section */
	};
	rootObject = 9915BAB8245C72F30064EBD7 /* Project object */;
}
